
Microsoft Visual Studio Solution File, Format Version 12.00
# Visual Studio 2015
Project("{FAE04EC0-301F-11D3-BF4B-00C04F79EFBC}") = "3D Micro Machines", "3D Micro Machines.csproj", "{1C009D38-8390-FB61-BF54-5014D1C5C70F}"
EndProject
Global
	GlobalSection(SolutionConfigurationPlatforms) = preSolution
		Debug|Any CPU = Debug|Any CPU
		Release|Any CPU = Release|Any CPU
	EndGlobalSection
	GlobalSection(ProjectConfigurationPlatforms) = postSolution
		{1C009D38-8390-FB61-BF54-5014D1C5C70F}.Debug|Any CPU.ActiveCfg = Debug|Any CPU
		{1C009D38-8390-FB61-BF54-5014D1C5C70F}.Debug|Any CPU.Build.0 = Debug|Any CPU
		{1C009D38-8390-FB61-BF54-5014D1C5C70F}.Release|Any CPU.ActiveCfg = Release|Any CPU
		{1C009D38-8390-FB61-BF54-5014D1C5C70F}.Release|Any CPU.Build.0 = Release|Any CPU
	EndGlobalSection
	GlobalSection(SolutionProperties) = preSolution
		HideSolutionNode = FALSE
	EndGlobalSection
EndGlobal
